
Microsoft Visual Studio Solution File, Format Version 12.00
# Visual Studio 15
VisualStudioVersion = 15.0.28307.1231
MinimumVisualStudioVersion = 10.0.40219.1
Project("{FAE04EC0-301F-11D3-BF4B-00C04F79EFBC}") = "Arrays", "Arrays\Arrays.csproj", "{26ADE7AF-45B6-4E2C-A4D8-8DEF4C2B379F}"
EndProject
Project("{FAE04EC0-301F-11D3-BF4B-00C04F79EFBC}") = "NumbersInReversedOrder", "NumbersInReversedOrder\NumbersInReversedOrder.csproj", "{D2A3F410-74C7-4795-9210-29E3C38FA2B5}"
EndProject
Project("{FAE04EC0-301F-11D3-BF4B-00C04F79EFBC}") = "RoundingNumbers", "RoundingNumbers\RoundingNumbers.csproj", "{6075D1E6-9067-41D4-A8CA-5BF8DFD4D7A5}"
EndProject
Project("{FAE04EC0-301F-11D3-BF4B-00C04F79EFBC}") = "ReverseArrayOfStrings", "ReverseArrayOfStrings\ReverseArrayOfStrings.csproj", "{AA68F564-7F1B-45E2-9B2D-F366EC089526}"
EndProject
Project("{FAE04EC0-301F-11D3-BF4B-00C04F79EFBC}") = "SumEvenNumbers", "SumEvenNumbers\SumEvenNumbers.csproj", "{AB41C0BC-CA88-4B3C-8C0F-4517232D99FF}"
EndProject
Project("{FAE04EC0-301F-11D3-BF4B-00C04F79EFBC}") = "EvenAndOddSubstraction", "EvenAndOddSubstraction\EvenAndOddSubstraction.csproj", "{919D49D9-6DAD-4118-85B6-B5AF2DB56716}"
EndProject
Global
	GlobalSection(SolutionConfigurationPlatforms) = preSolution
		Debug|Any CPU = Debug|Any CPU
		Release|Any CPU = Release|Any CPU
	EndGlobalSection
	GlobalSection(ProjectConfigurationPlatforms) = postSolution
		{26ADE7AF-45B6-4E2C-A4D8-8DEF4C2B379F}.Debug|Any CPU.ActiveCfg = Debug|Any CPU
		{26ADE7AF-45B6-4E2C-A4D8-8DEF4C2B379F}.Debug|Any CPU.Build.0 = Debug|Any CPU
		{26ADE7AF-45B6-4E2C-A4D8-8DEF4C2B379F}.Release|Any CPU.ActiveCfg = Release|Any CPU
		{26ADE7AF-45B6-4E2C-A4D8-8DEF4C2B379F}.Release|Any CPU.Build.0 = Release|Any CPU
		{D2A3F410-74C7-4795-9210-29E3C38FA2B5}.Debug|Any CPU.ActiveCfg = Debug|Any CPU
		{D2A3F410-74C7-4795-9210-29E3C38FA2B5}.Debug|Any CPU.Build.0 = Debug|Any CPU
		{D2A3F410-74C7-4795-9210-29E3C38FA2B5}.Release|Any CPU.ActiveCfg = Release|Any CPU
		{D2A3F410-74C7-4795-9210-29E3C38FA2B5}.Release|Any CPU.Build.0 = Release|Any CPU
		{6075D1E6-9067-41D4-A8CA-5BF8DFD4D7A5}.Debug|Any CPU.ActiveCfg = Debug|Any CPU
		{6075D1E6-9067-41D4-A8CA-5BF8DFD4D7A5}.Debug|Any CPU.Build.0 = Debug|Any CPU
		{6075D1E6-9067-41D4-A8CA-5BF8DFD4D7A5}.Release|Any CPU.ActiveCfg = Release|Any CPU
		{6075D1E6-9067-41D4-A8CA-5BF8DFD4D7A5}.Release|Any CPU.Build.0 = Release|Any CPU
		{AA68F564-7F1B-45E2-9B2D-F366EC089526}.Debug|Any CPU.ActiveCfg = Debug|Any CPU
		{AA68F564-7F1B-45E2-9B2D-F366EC089526}.Debug|Any CPU.Build.0 = Debug|Any CPU
		{AA68F564-7F1B-45E2-9B2D-F366EC089526}.Release|Any CPU.ActiveCfg = Release|Any CPU
		{AA68F564-7F1B-45E2-9B2D-F366EC089526}.Release|Any CPU.Build.0 = Release|Any CPU
		{AB41C0BC-CA88-4B3C-8C0F-4517232D99FF}.Debug|Any CPU.ActiveCfg = Debug|Any CPU
		{AB41C0BC-CA88-4B3C-8C0F-4517232D99FF}.Debug|Any CPU.Build.0 = Debug|Any CPU
		{AB41C0BC-CA88-4B3C-8C0F-4517232D99FF}.Release|Any CPU.ActiveCfg = Release|Any CPU
		{AB41C0BC-CA88-4B3C-8C0F-4517232D99FF}.Release|Any CPU.Build.0 = Release|Any CPU
		{919D49D9-6DAD-4118-85B6-B5AF2DB56716}.Debug|Any CPU.ActiveCfg = Debug|Any CPU
		{919D49D9-6DAD-4118-85B6-B5AF2DB56716}.Debug|Any CPU.Build.0 = Debug|Any CPU
		{919D49D9-6DAD-4118-85B6-B5AF2DB56716}.Release|Any CPU.ActiveCfg = Release|Any CPU
		{919D49D9-6DAD-4118-85B6-B5AF2DB56716}.Release|Any CPU.Build.0 = Release|Any CPU
	EndGlobalSection
	GlobalSection(SolutionProperties) = preSolution
		HideSolutionNode = FALSE
	EndGlobalSection
	GlobalSection(ExtensibilityGlobals) = postSolution
		SolutionGuid = {303F553E-0D98-4240-8111-11FCD1BA7A99}
	EndGlobalSection
EndGlobal
