
Microsoft Visual Studio Solution File, Format Version 12.00
# Visual Studio 15
VisualStudioVersion = 15.0.28307.1231
MinimumVisualStudioVersion = 10.0.40219.1
Project("{FAE04EC0-301F-11D3-BF4B-00C04F79EFBC}") = "Train", "Arrays - Exercise\Train.csproj", "{58A73270-3F98-4FE5-AE80-B04F5D88AABF}"
EndProject
Project("{FAE04EC0-301F-11D3-BF4B-00C04F79EFBC}") = "CommonElements", "CommonElements\CommonElements.csproj", "{92C2A580-D4DF-423B-A277-3F149E5BDA15}"
EndProject
Global
	GlobalSection(SolutionConfigurationPlatforms) = preSolution
		Debug|Any CPU = Debug|Any CPU
		Release|Any CPU = Release|Any CPU
	EndGlobalSection
	GlobalSection(ProjectConfigurationPlatforms) = postSolution
		{58A73270-3F98-4FE5-AE80-B04F5D88AABF}.Debug|Any CPU.ActiveCfg = Debug|Any CPU
		{58A73270-3F98-4FE5-AE80-B04F5D88AABF}.Debug|Any CPU.Build.0 = Debug|Any CPU
		{58A73270-3F98-4FE5-AE80-B04F5D88AABF}.Release|Any CPU.ActiveCfg = Release|Any CPU
		{58A73270-3F98-4FE5-AE80-B04F5D88AABF}.Release|Any CPU.Build.0 = Release|Any CPU
		{92C2A580-D4DF-423B-A277-3F149E5BDA15}.Debug|Any CPU.ActiveCfg = Debug|Any CPU
		{92C2A580-D4DF-423B-A277-3F149E5BDA15}.Debug|Any CPU.Build.0 = Debug|Any CPU
		{92C2A580-D4DF-423B-A277-3F149E5BDA15}.Release|Any CPU.ActiveCfg = Release|Any CPU
		{92C2A580-D4DF-423B-A277-3F149E5BDA15}.Release|Any CPU.Build.0 = Release|Any CPU
	EndGlobalSection
	GlobalSection(SolutionProperties) = preSolution
		HideSolutionNode = FALSE
	EndGlobalSection
	GlobalSection(ExtensibilityGlobals) = postSolution
		SolutionGuid = {7D2C9A9C-7781-4A28-B97C-DDB0D3B6EF5C}
	EndGlobalSection
EndGlobal
