
Microsoft Visual Studio Solution File, Format Version 12.00
# Visual Studio 15
VisualStudioVersion = 15.0.28307.1231
MinimumVisualStudioVersion = 10.0.40219.1
Project("{FAE04EC0-301F-11D3-BF4B-00C04F79EFBC}") = "RombusOfStars", "RombusOfStars\RombusOfStars.csproj", "{60FD36A7-B262-456A-9C3B-083060622CE8}"
EndProject
Project("{FAE04EC0-301F-11D3-BF4B-00C04F79EFBC}") = "PointInRectangle", "PointInRectangle\PointInRectangle.csproj", "{2496D2FF-BFAD-4268-9871-BDD5BD0FCBEB}"
EndProject
Project("{FAE04EC0-301F-11D3-BF4B-00C04F79EFBC}") = "StudentSystem", "StudentSystem\StudentSystem.csproj", "{96FA5B9A-A250-47BB-8F37-D2A069EDDA24}"
EndProject
Global
	GlobalSection(SolutionConfigurationPlatforms) = preSolution
		Debug|Any CPU = Debug|Any CPU
		Release|Any CPU = Release|Any CPU
	EndGlobalSection
	GlobalSection(ProjectConfigurationPlatforms) = postSolution
		{60FD36A7-B262-456A-9C3B-083060622CE8}.Debug|Any CPU.ActiveCfg = Debug|Any CPU
		{60FD36A7-B262-456A-9C3B-083060622CE8}.Debug|Any CPU.Build.0 = Debug|Any CPU
		{60FD36A7-B262-456A-9C3B-083060622CE8}.Release|Any CPU.ActiveCfg = Release|Any CPU
		{60FD36A7-B262-456A-9C3B-083060622CE8}.Release|Any CPU.Build.0 = Release|Any CPU
		{2496D2FF-BFAD-4268-9871-BDD5BD0FCBEB}.Debug|Any CPU.ActiveCfg = Debug|Any CPU
		{2496D2FF-BFAD-4268-9871-BDD5BD0FCBEB}.Debug|Any CPU.Build.0 = Debug|Any CPU
		{2496D2FF-BFAD-4268-9871-BDD5BD0FCBEB}.Release|Any CPU.ActiveCfg = Release|Any CPU
		{2496D2FF-BFAD-4268-9871-BDD5BD0FCBEB}.Release|Any CPU.Build.0 = Release|Any CPU
		{96FA5B9A-A250-47BB-8F37-D2A069EDDA24}.Debug|Any CPU.ActiveCfg = Debug|Any CPU
		{96FA5B9A-A250-47BB-8F37-D2A069EDDA24}.Debug|Any CPU.Build.0 = Debug|Any CPU
		{96FA5B9A-A250-47BB-8F37-D2A069EDDA24}.Release|Any CPU.ActiveCfg = Release|Any CPU
		{96FA5B9A-A250-47BB-8F37-D2A069EDDA24}.Release|Any CPU.Build.0 = Release|Any CPU
	EndGlobalSection
	GlobalSection(SolutionProperties) = preSolution
		HideSolutionNode = FALSE
	EndGlobalSection
	GlobalSection(ExtensibilityGlobals) = postSolution
		SolutionGuid = {ED5293F3-FB0A-44F8-A3D2-49F97D66DCAB}
	EndGlobalSection
EndGlobal
