
Microsoft Visual Studio Solution File, Format Version 12.00
# Visual Studio 15
VisualStudioVersion = 15.0.28307.1231
MinimumVisualStudioVersion = 10.0.40219.1
Project("{FAE04EC0-301F-11D3-BF4B-00C04F79EFBC}") = "Songs", "Songs\Songs.csproj", "{4A2CF910-3BB8-436B-A022-457E8CD72A92}"
EndProject
Project("{FAE04EC0-301F-11D3-BF4B-00C04F79EFBC}") = "Students", "Students\Students.csproj", "{1D0DDEBE-F762-4369-B79E-89CC9BDE31D3}"
EndProject
Project("{FAE04EC0-301F-11D3-BF4B-00C04F79EFBC}") = "StoreBoxes", "StoreBoxes\StoreBoxes.csproj", "{8C8041FE-4040-4C8D-8E00-51470120C460}"
EndProject
Global
	GlobalSection(SolutionConfigurationPlatforms) = preSolution
		Debug|Any CPU = Debug|Any CPU
		Release|Any CPU = Release|Any CPU
	EndGlobalSection
	GlobalSection(ProjectConfigurationPlatforms) = postSolution
		{4A2CF910-3BB8-436B-A022-457E8CD72A92}.Debug|Any CPU.ActiveCfg = Debug|Any CPU
		{4A2CF910-3BB8-436B-A022-457E8CD72A92}.Debug|Any CPU.Build.0 = Debug|Any CPU
		{4A2CF910-3BB8-436B-A022-457E8CD72A92}.Release|Any CPU.ActiveCfg = Release|Any CPU
		{4A2CF910-3BB8-436B-A022-457E8CD72A92}.Release|Any CPU.Build.0 = Release|Any CPU
		{1D0DDEBE-F762-4369-B79E-89CC9BDE31D3}.Debug|Any CPU.ActiveCfg = Debug|Any CPU
		{1D0DDEBE-F762-4369-B79E-89CC9BDE31D3}.Debug|Any CPU.Build.0 = Debug|Any CPU
		{1D0DDEBE-F762-4369-B79E-89CC9BDE31D3}.Release|Any CPU.ActiveCfg = Release|Any CPU
		{1D0DDEBE-F762-4369-B79E-89CC9BDE31D3}.Release|Any CPU.Build.0 = Release|Any CPU
		{8C8041FE-4040-4C8D-8E00-51470120C460}.Debug|Any CPU.ActiveCfg = Debug|Any CPU
		{8C8041FE-4040-4C8D-8E00-51470120C460}.Debug|Any CPU.Build.0 = Debug|Any CPU
		{8C8041FE-4040-4C8D-8E00-51470120C460}.Release|Any CPU.ActiveCfg = Release|Any CPU
		{8C8041FE-4040-4C8D-8E00-51470120C460}.Release|Any CPU.Build.0 = Release|Any CPU
	EndGlobalSection
	GlobalSection(SolutionProperties) = preSolution
		HideSolutionNode = FALSE
	EndGlobalSection
	GlobalSection(ExtensibilityGlobals) = postSolution
		SolutionGuid = {4EC51C36-69E6-49E9-8A39-D4C2053ED9D3}
	EndGlobalSection
EndGlobal
